
Microsoft Visual Studio Solution File, Format Version 12.00
# Visual Studio Express 2012 for Windows Desktop
Project("{FAE04EC0-301F-11D3-BF4B-00C04F79EFBC}") = "GeminiScanner", "GeminiScanner\GeminiScanner.csproj", "{6BDC6D9A-4D17-4FD9-AF0E-9BDACF01A2F5}"
EndProject
Global
	GlobalSection(SolutionConfigurationPlatforms) = preSolution
		Debug|Any CPU = Debug|Any CPU
		Debug|x86 = Debug|x86
		Release|Any CPU = Release|Any CPU
		Release|x86 = Release|x86
	EndGlobalSection
	GlobalSection(ProjectConfigurationPlatforms) = postSolution
		{6BDC6D9A-4D17-4FD9-AF0E-9BDACF01A2F5}.Debug|Any CPU.ActiveCfg = Debug|Any CPU
		{6BDC6D9A-4D17-4FD9-AF0E-9BDACF01A2F5}.Debug|Any CPU.Build.0 = Debug|Any CPU
		{6BDC6D9A-4D17-4FD9-AF0E-9BDACF01A2F5}.Debug|x86.ActiveCfg = Debug|Any CPU
		{6BDC6D9A-4D17-4FD9-AF0E-9BDACF01A2F5}.Release|Any CPU.ActiveCfg = Release|Any CPU
		{6BDC6D9A-4D17-4FD9-AF0E-9BDACF01A2F5}.Release|Any CPU.Build.0 = Release|Any CPU
		{6BDC6D9A-4D17-4FD9-AF0E-9BDACF01A2F5}.Release|x86.ActiveCfg = Release|Any CPU
	EndGlobalSection
	GlobalSection(SolutionProperties) = preSolution
		HideSolutionNode = FALSE
	EndGlobalSection
EndGlobal
